{
  "object": {
    "pins": [
      {
        "package": "ExyteGrid",
        "repositoryURL": "https://github.com/exyte/Grid.git",
        "state": {
          "branch": null,
          "revision": "f6a448eca2188b16ffcc9d42fda39e6a8a62d127",
          "version": "1.1.0"
        }
      },
      {
        "package": "SDWebImage",
        "repositoryURL": "https://github.com/SDWebImage/SDWebImage.git",
        "state": {
          "branch": null,
          "revision": "2c8ed9a2f3ad537dbe9e58e2ec18be361da112aa",
          "version": "5.9.5"
        }
      },
      {
        "package": "SDWebImageSwiftUI",
        "repositoryURL": "https://github.com/SDWebImage/SDWebImageSwiftUI.git",
        "state": {
          "branch": null,
          "revision": "4c7f169e39bc35d6b80d42b8eb8301bee9cd0907",
          "version": "1.5.0"
        }
      },
      {
        "package": "Grid",
        "repositoryURL": "https://github.com/spacenation/swiftui-grid.git",
        "state": {
          "branch": null,
          "revision": "a3441f80bd01029507bc19e463e7c7208ffcf3f9",
          "version": "1.0.4"
        }
      }
    ]
  },
  "version": 1
}
