// !$*UTF8*$!
{
	archiveVersion = 1;
	classes = {
	};
	objectVersion = 52;
	objects = {

/* Begin PBXBuildFile section */
		B20DD50E25693DE500FEFA95 /* Tests_iOS.swift in Sources */ = {isa = PBXBuildFile; fileRef = B20DD50D25693DE500FEFA95 /* Tests_iOS.swift */; };
		B20DD51B25693DE500FEFA95 /* FinalProjApp.swift in Sources */ = {isa = PBXBuildFile; fileRef = B20DD4F225693DE200FEFA95 /* FinalProjApp.swift */; };
		B20DD51C25693DE500FEFA95 /* FinalProjApp.swift in Sources */ = {isa = PBXBuildFile; fileRef = B20DD4F225693DE200FEFA95 /* FinalProjApp.swift */; };
		B20DD51D25693DE500FEFA95 /* ContentView.swift in Sources */ = {isa = PBXBuildFile; fileRef = B20DD4F325693DE200FEFA95 /* ContentView.swift */; };
		B20DD51E25693DE500FEFA95 /* ContentView.swift in Sources */ = {isa = PBXBuildFile; fileRef = B20DD4F325693DE200FEFA95 /* ContentView.swift */; };
		B20DD51F25693DE500FEFA95 /* Assets.xcassets in Resources */ = {isa = PBXBuildFile; fileRef = B20DD4F425693DE500FEFA95 /* Assets.xcassets */; };
		B20DD52025693DE500FEFA95 /* Assets.xcassets in Resources */ = {isa = PBXBuildFile; fileRef = B20DD4F425693DE500FEFA95 /* Assets.xcassets */; };
		B20DD54625693F6700FEFA95 /* dataLoader.swift in Sources */ = {isa = PBXBuildFile; fileRef = B20DD54525693F6700FEFA95 /* dataLoader.swift */; };
		B20DD54725693F6700FEFA95 /* dataLoader.swift in Sources */ = {isa = PBXBuildFile; fileRef = B20DD54525693F6700FEFA95 /* dataLoader.swift */; };
		B20DD54D25693F8B00FEFA95 /* Photo.swift in Sources */ = {isa = PBXBuildFile; fileRef = B20DD54C25693F8B00FEFA95 /* Photo.swift */; };
		B20DD54E25693F8B00FEFA95 /* Photo.swift in Sources */ = {isa = PBXBuildFile; fileRef = B20DD54C25693F8B00FEFA95 /* Photo.swift */; };
		B25D5893256974B100E05484 /* PhotosViewInfiniteScroll.swift in Sources */ = {isa = PBXBuildFile; fileRef = B25D5892256974B100E05484 /* PhotosViewInfiniteScroll.swift */; };
		B2C897712569460B0076BE09 /* SDWebImageSwiftUI in Frameworks */ = {isa = PBXBuildFile; productRef = B2C897702569460B0076BE09 /* SDWebImageSwiftUI */; };
/* End PBXBuildFile section */

/* Begin PBXContainerItemProxy section */
		B20DD50A25693DE500FEFA95 /* PBXContainerItemProxy */ = {
			isa = PBXContainerItemProxy;
			containerPortal = B20DD4ED25693DE100FEFA95 /* Project object */;
			proxyType = 1;
			remoteGlobalIDString = B20DD4F825693DE500FEFA95;
			remoteInfo = "FinalProj (iOS)";
		};
		B20DD51525693DE500FEFA95 /* PBXContainerItemProxy */ = {
			isa = PBXContainerItemProxy;
			containerPortal = B20DD4ED25693DE100FEFA95 /* Project object */;
			proxyType = 1;
			remoteGlobalIDString = B20DD50025693DE500FEFA95;
			remoteInfo = "FinalProj (macOS)";
		};
/* End PBXContainerItemProxy section */

/* Begin PBXFileReference section */
		B20DD4F225693DE200FEFA95 /* FinalProjApp.swift */ = {isa = PBXFileReference; lastKnownFileType = sourcecode.swift; path = FinalProjApp.swift; sourceTree = "<group>"; };
		B20DD4F325693DE200FEFA95 /* ContentView.swift */ = {isa = PBXFileReference; lastKnownFileType = sourcecode.swift; path = ContentView.swift; sourceTree = "<group>"; };
		B20DD4F425693DE500FEFA95 /* Assets.xcassets */ = {isa = PBXFileReference; lastKnownFileType = folder.assetcatalog; path = Assets.xcassets; sourceTree = "<group>"; };
		B20DD4F925693DE500FEFA95 /* FinalProj.app */ = {isa = PBXFileReference; explicitFileType = wrapper.application; includeInIndex = 0; path = FinalProj.app; sourceTree = BUILT_PRODUCTS_DIR; };
		B20DD4FC25693DE500FEFA95 /* Info.plist */ = {isa = PBXFileReference; lastKnownFileType = text.plist.xml; path = Info.plist; sourceTree = "<group>"; };
		B20DD50125693DE500FEFA95 /* FinalProj.app */ = {isa = PBXFileReference; explicitFileType = wrapper.application; includeInIndex = 0; path = FinalProj.app; sourceTree = BUILT_PRODUCTS_DIR; };
		B20DD50925693DE500FEFA95 /* Tests iOS.xctest */ = {isa = PBXFileReference; explicitFileType = wrapper.cfbundle; includeInIndex = 0; path = "Tests iOS.xctest"; sourceTree = BUILT_PRODUCTS_DIR; };
		B20DD50D25693DE500FEFA95 /* Tests_iOS.swift */ = {isa = PBXFileReference; lastKnownFileType = sourcecode.swift; path = Tests_iOS.swift; sourceTree = "<group>"; };
		B20DD50F25693DE500FEFA95 /* Info.plist */ = {isa = PBXFileReference; lastKnownFileType = text.plist.xml; path = Info.plist; sourceTree = "<group>"; };
		B20DD51425693DE500FEFA95 /* Tests macOS.xctest */ = {isa = PBXFileReference; explicitFileType = wrapper.cfbundle; includeInIndex = 0; path = "Tests macOS.xctest"; sourceTree = BUILT_PRODUCTS_DIR; };
		B20DD54525693F6700FEFA95 /* dataLoader.swift */ = {isa = PBXFileReference; lastKnownFileType = sourcecode.swift; path = dataLoader.swift; sourceTree = "<group>"; };
		B20DD54C25693F8B00FEFA95 /* Photo.swift */ = {isa = PBXFileReference; lastKnownFileType = sourcecode.swift; path = Photo.swift; sourceTree = "<group>"; };
		B25D5892256974B100E05484 /* PhotosViewInfiniteScroll.swift */ = {isa = PBXFileReference; lastKnownFileType = sourcecode.swift; path = PhotosViewInfiniteScroll.swift; sourceTree = "<group>"; };
/* End PBXFileReference section */

/* Begin PBXFrameworksBuildPhase section */
		B20DD4F625693DE500FEFA95 /* Frameworks */ = {
			isa = PBXFrameworksBuildPhase;
			buildActionMask = 2147483647;
			files = (
				B2C897712569460B0076BE09 /* SDWebImageSwiftUI in Frameworks */,
			);
			runOnlyForDeploymentPostprocessing = 0;
		};
		B20DD4FE25693DE500FEFA95 /* Frameworks */ = {
			isa = PBXFrameworksBuildPhase;
			buildActionMask = 2147483647;
			files = (
			);
			runOnlyForDeploymentPostprocessing = 0;
		};
		B20DD50625693DE500FEFA95 /* Frameworks */ = {
			isa = PBXFrameworksBuildPhase;
			buildActionMask = 2147483647;
			files = (
			);
			runOnlyForDeploymentPostprocessing = 0;
		};
		B20DD51125693DE500FEFA95 /* Frameworks */ = {
			isa = PBXFrameworksBuildPhase;
			buildActionMask = 2147483647;
			files = (
			);
			runOnlyForDeploymentPostprocessing = 0;
		};
/* End PBXFrameworksBuildPhase section */

/* Begin PBXGroup section */
		B20DD4EC25693DE100FEFA95 = {
			isa = PBXGroup;
			children = (
				B20DD4F125693DE200FEFA95 /* Shared */,
				B20DD4FB25693DE500FEFA95 /* iOS */,
				B20DD50C25693DE500FEFA95 /* Tests iOS */,
				B20DD4FA25693DE500FEFA95 /* Products */,
			);
			sourceTree = "<group>";
		};
		B20DD4F125693DE200FEFA95 /* Shared */ = {
			isa = PBXGroup;
			children = (
				B20DD4F225693DE200FEFA95 /* FinalProjApp.swift */,
				B20DD4F325693DE200FEFA95 /* ContentView.swift */,
				B20DD4F425693DE500FEFA95 /* Assets.xcassets */,
				B20DD54525693F6700FEFA95 /* dataLoader.swift */,
				B25D5892256974B100E05484 /* PhotosViewInfiniteScroll.swift */,
				B20DD54C25693F8B00FEFA95 /* Photo.swift */,
			);
			path = Shared;
			sourceTree = "<group>";
		};
		B20DD4FA25693DE500FEFA95 /* Products */ = {
			isa = PBXGroup;
			children = (
				B20DD4F925693DE500FEFA95 /* FinalProj.app */,
				B20DD50125693DE500FEFA95 /* FinalProj.app */,
				B20DD50925693DE500FEFA95 /* Tests iOS.xctest */,
				B20DD51425693DE500FEFA95 /* Tests macOS.xctest */,
			);
			name = Products;
			sourceTree = "<group>";
		};
		B20DD4FB25693DE500FEFA95 /* iOS */ = {
			isa = PBXGroup;
			children = (
				B20DD4FC25693DE500FEFA95 /* Info.plist */,
			);
			path = iOS;
			sourceTree = "<group>";
		};
		B20DD50C25693DE500FEFA95 /* Tests iOS */ = {
			isa = PBXGroup;
			children = (
				B20DD50D25693DE500FEFA95 /* Tests_iOS.swift */,
				B20DD50F25693DE500FEFA95 /* Info.plist */,
			);
			path = "Tests iOS";
			sourceTree = "<group>";
		};
/* End PBXGroup section */

/* Begin PBXNativeTarget section */
		B20DD4F825693DE500FEFA95 /* FinalProj (iOS) */ = {
			isa = PBXNativeTarget;
			buildConfigurationList = B20DD52325693DE500FEFA95 /* Build configuration list for PBXNativeTarget "FinalProj (iOS)" */;
			buildPhases = (
				B20DD4F525693DE500FEFA95 /* Sources */,
				B20DD4F625693DE500FEFA95 /* Frameworks */,
				B20DD4F725693DE500FEFA95 /* Resources */,
			);
			buildRules = (
			);
			dependencies = (
			);
			name = "FinalProj (iOS)";
			packageProductDependencies = (
				B2C897702569460B0076BE09 /* SDWebImageSwiftUI */,
			);
			productName = "FinalProj (iOS)";
			productReference = B20DD4F925693DE500FEFA95 /* FinalProj.app */;
			productType = "com.apple.product-type.application";
		};
		B20DD50025693DE500FEFA95 /* FinalProj (macOS) */ = {
			isa = PBXNativeTarget;
			buildConfigurationList = B20DD52625693DE500FEFA95 /* Build configuration list for PBXNativeTarget "FinalProj (macOS)" */;
			buildPhases = (
				B20DD4FD25693DE500FEFA95 /* Sources */,
				B20DD4FE25693DE500FEFA95 /* Frameworks */,
				B20DD4FF25693DE500FEFA95 /* Resources */,
			);
			buildRules = (
			);
			dependencies = (
			);
			name = "FinalProj (macOS)";
			productName = "FinalProj (macOS)";
			productReference = B20DD50125693DE500FEFA95 /* FinalProj.app */;
			productType = "com.apple.product-type.application";
		};
		B20DD50825693DE500FEFA95 /* Tests iOS */ = {
			isa = PBXNativeTarget;
			buildConfigurationList = B20DD52925693DE500FEFA95 /* Build configuration list for PBXNativeTarget "Tests iOS" */;
			buildPhases = (
				B20DD50525693DE500FEFA95 /* Sources */,
				B20DD50625693DE500FEFA95 /* Frameworks */,
				B20DD50725693DE500FEFA95 /* Resources */,
			);
			buildRules = (
			);
			dependencies = (
				B20DD50B25693DE500FEFA95 /* PBXTargetDependency */,
			);
			name = "Tests iOS";
			productName = "Tests iOS";
			productReference = B20DD50925693DE500FEFA95 /* Tests iOS.xctest */;
			productType = "com.apple.product-type.bundle.ui-testing";
		};
		B20DD51325693DE500FEFA95 /* Tests macOS */ = {
			isa = PBXNativeTarget;
			buildConfigurationList = B20DD52C25693DE500FEFA95 /* Build configuration list for PBXNativeTarget "Tests macOS" */;
			buildPhases = (
				B20DD51025693DE500FEFA95 /* Sources */,
				B20DD51125693DE500FEFA95 /* Frameworks */,
				B20DD51225693DE500FEFA95 /* Resources */,
			);
			buildRules = (
			);
			dependencies = (
				B20DD51625693DE500FEFA95 /* PBXTargetDependency */,
			);
			name = "Tests macOS";
			productName = "Tests macOS";
			productReference = B20DD51425693DE500FEFA95 /* Tests macOS.xctest */;
			productType = "com.apple.product-type.bundle.ui-testing";
		};
/* End PBXNativeTarget section */

/* Begin PBXProject section */
		B20DD4ED25693DE100FEFA95 /* Project object */ = {
			isa = PBXProject;
			attributes = {
				LastSwiftUpdateCheck = 1220;
				LastUpgradeCheck = 1220;
				TargetAttributes = {
					B20DD4F825693DE500FEFA95 = {
						CreatedOnToolsVersion = 12.2;
					};
					B20DD50025693DE500FEFA95 = {
						CreatedOnToolsVersion = 12.2;
					};
					B20DD50825693DE500FEFA95 = {
						CreatedOnToolsVersion = 12.2;
						TestTargetID = B20DD4F825693DE500FEFA95;
					};
					B20DD51325693DE500FEFA95 = {
						CreatedOnToolsVersion = 12.2;
						TestTargetID = B20DD50025693DE500FEFA95;
					};
				};
			};
			buildConfigurationList = B20DD4F025693DE100FEFA95 /* Build configuration list for PBXProject "FinalProj" */;
			compatibilityVersion = "Xcode 9.3";
			developmentRegion = en;
			hasScannedForEncodings = 0;
			knownRegions = (
				en,
				Base,
			);
			mainGroup = B20DD4EC25693DE100FEFA95;
			packageReferences = (
				B2C8976F2569460B0076BE09 /* XCRemoteSwiftPackageReference "SDWebImageSwiftUI" */,
				B25D586F2569697F00E05484 /* XCRemoteSwiftPackageReference "Grid" */,
				B25D587625696A2000E05484 /* XCRemoteSwiftPackageReference "swiftui-grid" */,
			);
			productRefGroup = B20DD4FA25693DE500FEFA95 /* Products */;
			projectDirPath = "";
			projectRoot = "";
			targets = (
				B20DD4F825693DE500FEFA95 /* FinalProj (iOS) */,
				B20DD50025693DE500FEFA95 /* FinalProj (macOS) */,
				B20DD50825693DE500FEFA95 /* Tests iOS */,
				B20DD51325693DE500FEFA95 /* Tests macOS */,
			);
		};
/* End PBXProject section */

/* Begin PBXResourcesBuildPhase section */
		B20DD4F725693DE500FEFA95 /* Resources */ = {
			isa = PBXResourcesBuildPhase;
			buildActionMask = 2147483647;
			files = (
				B20DD51F25693DE500FEFA95 /* Assets.xcassets in Resources */,
			);
			runOnlyForDeploymentPostprocessing = 0;
		};
		B20DD4FF25693DE500FEFA95 /* Resources */ = {
			isa = PBXResourcesBuildPhase;
			buildActionMask = 2147483647;
			files = (
				B20DD52025693DE500FEFA95 /* Assets.xcassets in Resources */,
			);
			runOnlyForDeploymentPostprocessing = 0;
		};
		B20DD50725693DE500FEFA95 /* Resources */ = {
			isa = PBXResourcesBuildPhase;
			buildActionMask = 2147483647;
			files = (
			);
			runOnlyForDeploymentPostprocessing = 0;
		};
		B20DD51225693DE500FEFA95 /* Resources */ = {
			isa = PBXResourcesBuildPhase;
			buildActionMask = 2147483647;
			files = (
			);
			runOnlyForDeploymentPostprocessing = 0;
		};
/* End PBXResourcesBuildPhase section */

/* Begin PBXSourcesBuildPhase section */
		B20DD4F525693DE500FEFA95 /* Sources */ = {
			isa = PBXSourcesBuildPhase;
			buildActionMask = 2147483647;
			files = (
				B20DD54625693F6700FEFA95 /* dataLoader.swift in Sources */,
				B20DD51D25693DE500FEFA95 /* ContentView.swift in Sources */,
				B20DD51B25693DE500FEFA95 /* FinalProjApp.swift in Sources */,
				B25D5893256974B100E05484 /* PhotosViewInfiniteScroll.swift in Sources */,
				B20DD54D25693F8B00FEFA95 /* Photo.swift in Sources */,
			);
			runOnlyForDeploymentPostprocessing = 0;
		};
		B20DD4FD25693DE500FEFA95 /* Sources */ = {
			isa = PBXSourcesBuildPhase;
			buildActionMask = 2147483647;
			files = (
				B20DD54725693F6700FEFA95 /* dataLoader.swift in Sources */,
				B20DD51E25693DE500FEFA95 /* ContentView.swift in Sources */,
				B20DD51C25693DE500FEFA95 /* FinalProjApp.swift in Sources */,
				B20DD54E25693F8B00FEFA95 /* Photo.swift in Sources */,
			);
			runOnlyForDeploymentPostprocessing = 0;
		};
		B20DD50525693DE500FEFA95 /* Sources */ = {
			isa = PBXSourcesBuildPhase;
			buildActionMask = 2147483647;
			files = (
				B20DD50E25693DE500FEFA95 /* Tests_iOS.swift in Sources */,
			);
			runOnlyForDeploymentPostprocessing = 0;
		};
		B20DD51025693DE500FEFA95 /* Sources */ = {
			isa = PBXSourcesBuildPhase;
			buildActionMask = 2147483647;
			files = (
			);
			runOnlyForDeploymentPostprocessing = 0;
		};
/* End PBXSourcesBuildPhase section */

/* Begin PBXTargetDependency section */
		B20DD50B25693DE500FEFA95 /* PBXTargetDependency */ = {
			isa = PBXTargetDependency;
			target = B20DD4F825693DE500FEFA95 /* FinalProj (iOS) */;
			targetProxy = B20DD50A25693DE500FEFA95 /* PBXContainerItemProxy */;
		};
		B20DD51625693DE500FEFA95 /* PBXTargetDependency */ = {
			isa = PBXTargetDependency;
			target = B20DD50025693DE500FEFA95 /* FinalProj (macOS) */;
			targetProxy = B20DD51525693DE500FEFA95 /* PBXContainerItemProxy */;
		};
/* End PBXTargetDependency section */

/* Begin XCBuildConfiguration section */
		B20DD52125693DE500FEFA95 /* Debug */ = {
			isa = XCBuildConfiguration;
			buildSettings = {
				ALWAYS_SEARCH_USER_PATHS = NO;
				CLANG_ANALYZER_NONNULL = YES;
				CLANG_ANALYZER_NUMBER_OBJECT_CONVERSION = YES_AGGRESSIVE;
				CLANG_CXX_LANGUAGE_STANDARD = "gnu++14";
				CLANG_CXX_LIBRARY = "libc++";
				CLANG_ENABLE_MODULES = YES;
				CLANG_ENABLE_OBJC_ARC = YES;
				CLANG_ENABLE_OBJC_WEAK = YES;
				CLANG_WARN_BLOCK_CAPTURE_AUTORELEASING = YES;
				CLANG_WARN_BOOL_CONVERSION = YES;
				CLANG_WARN_COMMA = YES;
				CLANG_WARN_CONSTANT_CONVERSION = YES;
				CLANG_WARN_DEPRECATED_OBJC_IMPLEMENTATIONS = YES;
				CLANG_WARN_DIRECT_OBJC_ISA_USAGE = YES_ERROR;
				CLANG_WARN_DOCUMENTATION_COMMENTS = YES;
				CLANG_WARN_EMPTY_BODY = YES;
				CLANG_WARN_ENUM_CONVERSION = YES;
				CLANG_WARN_INFINITE_RECURSION = YES;
				CLANG_WARN_INT_CONVERSION = YES;
				CLANG_WARN_NON_LITERAL_NULL_CONVERSION = YES;
				CLANG_WARN_OBJC_IMPLICIT_RETAIN_SELF = YES;
				CLANG_WARN_OBJC_LITERAL_CONVERSION = YES;
				CLANG_WARN_OBJC_ROOT_CLASS = YES_ERROR;
				CLANG_WARN_QUOTED_INCLUDE_IN_FRAMEWORK_HEADER = YES;
				CLANG_WARN_RANGE_LOOP_ANALYSIS = YES;
				CLANG_WARN_STRICT_PROTOTYPES = YES;
				CLANG_WARN_SUSPICIOUS_MOVE = YES;
				CLANG_WARN_UNGUARDED_AVAILABILITY = YES_AGGRESSIVE;
				CLANG_WARN_UNREACHABLE_CODE = YES;
				CLANG_WARN__DUPLICATE_METHOD_MATCH = YES;
				COPY_PHASE_STRIP = NO;
				DEBUG_INFORMATION_FORMAT = dwarf;
				ENABLE_STRICT_OBJC_MSGSEND = YES;
				ENABLE_TESTABILITY = YES;
				GCC_C_LANGUAGE_STANDARD = gnu11;
				GCC_DYNAMIC_NO_PIC = NO;
				GCC_NO_COMMON_BLOCKS = YES;
				GCC_OPTIMIZATION_LEVEL = 0;
				GCC_PREPROCESSOR_DEFINITIONS = (
					"DEBUG=1",
					"$(inherited)",
				);
				GCC_WARN_64_TO_32_BIT_CONVERSION = YES;
				GCC_WARN_ABOUT_RETURN_TYPE = YES_ERROR;
				GCC_WARN_UNDECLARED_SELECTOR = YES;
				GCC_WARN_UNINITIALIZED_AUTOS = YES_AGGRESSIVE;
				GCC_WARN_UNUSED_FUNCTION = YES;
				GCC_WARN_UNUSED_VARIABLE = YES;
				MTL_ENABLE_DEBUG_INFO = INCLUDE_SOURCE;
				MTL_FAST_MATH = YES;
				ONLY_ACTIVE_ARCH = YES;
				SWIFT_ACTIVE_COMPILATION_CONDITIONS = DEBUG;
				SWIFT_OPTIMIZATION_LEVEL = "-Onone";
			};
			name = Debug;
		};
		B20DD52225693DE500FEFA95 /* Release */ = {
			isa = XCBuildConfiguration;
			buildSettings = {
				ALWAYS_SEARCH_USER_PATHS = NO;
				CLANG_ANALYZER_NONNULL = YES;
				CLANG_ANALYZER_NUMBER_OBJECT_CONVERSION = YES_AGGRESSIVE;
				CLANG_CXX_LANGUAGE_STANDARD = "gnu++14";
				CLANG_CXX_LIBRARY = "libc++";
				CLANG_ENABLE_MODULES = YES;
				CLANG_ENABLE_OBJC_ARC = YES;
				CLANG_ENABLE_OBJC_WEAK = YES;
				CLANG_WARN_BLOCK_CAPTURE_AUTORELEASING = YES;
				CLANG_WARN_BOOL_CONVERSION = YES;
				CLANG_WARN_COMMA = YES;
				CLANG_WARN_CONSTANT_CONVERSION = YES;
				CLANG_WARN_DEPRECATED_OBJC_IMPLEMENTATIONS = YES;
				CLANG_WARN_DIRECT_OBJC_ISA_USAGE = YES_ERROR;
				CLANG_WARN_DOCUMENTATION_COMMENTS = YES;
				CLANG_WARN_EMPTY_BODY = YES;
				CLANG_WARN_ENUM_CONVERSION = YES;
				CLANG_WARN_INFINITE_RECURSION = YES;
				CLANG_WARN_INT_CONVERSION = YES;
				CLANG_WARN_NON_LITERAL_NULL_CONVERSION = YES;
				CLANG_WARN_OBJC_IMPLICIT_RETAIN_SELF = YES;
				CLANG_WARN_OBJC_LITERAL_CONVERSION = YES;
				CLANG_WARN_OBJC_ROOT_CLASS = YES_ERROR;
				CLANG_WARN_QUOTED_INCLUDE_IN_FRAMEWORK_HEADER = YES;
				CLANG_WARN_RANGE_LOOP_ANALYSIS = YES;
				CLANG_WARN_STRICT_PROTOTYPES = YES;
				CLANG_WARN_SUSPICIOUS_MOVE = YES;
				CLANG_WARN_UNGUARDED_AVAILABILITY = YES_AGGRESSIVE;
				CLANG_WARN_UNREACHABLE_CODE = YES;
				CLANG_WARN__DUPLICATE_METHOD_MATCH = YES;
				COPY_PHASE_STRIP = NO;
				DEBUG_INFORMATION_FORMAT = "dwarf-with-dsym";
				ENABLE_NS_ASSERTIONS = NO;
				ENABLE_STRICT_OBJC_MSGSEND = YES;
				GCC_C_LANGUAGE_STANDARD = gnu11;
				GCC_NO_COMMON_BLOCKS = YES;
				GCC_WARN_64_TO_32_BIT_CONVERSION = YES;
				GCC_WARN_ABOUT_RETURN_TYPE = YES_ERROR;
				GCC_WARN_UNDECLARED_SELECTOR = YES;
				GCC_WARN_UNINITIALIZED_AUTOS = YES_AGGRESSIVE;
				GCC_WARN_UNUSED_FUNCTION = YES;
				GCC_WARN_UNUSED_VARIABLE = YES;
				MTL_ENABLE_DEBUG_INFO = NO;
				MTL_FAST_MATH = YES;
				SWIFT_COMPILATION_MODE = wholemodule;
				SWIFT_OPTIMIZATION_LEVEL = "-O";
			};
			name = Release;
		};
		B20DD52425693DE500FEFA95 /* Debug */ = {
			isa = XCBuildConfiguration;
			buildSettings = {
				ASSETCATALOG_COMPILER_APPICON_NAME = AppIcon;
				ASSETCATALOG_COMPILER_GLOBAL_ACCENT_COLOR_NAME = AccentColor;
				CODE_SIGN_STYLE = Automatic;
				DEVELOPMENT_TEAM = 54468S9H4T;
				ENABLE_PREVIEWS = YES;
				INFOPLIST_FILE = iOS/Info.plist;
				IPHONEOS_DEPLOYMENT_TARGET = 14.0;
				LD_RUNPATH_SEARCH_PATHS = (
					"$(inherited)",
					"@executable_path/Frameworks",
				);
				PRODUCT_BUNDLE_IDENTIFIER = team.FinalProj;
				PRODUCT_NAME = FinalProj;
				SDKROOT = iphoneos;
				SWIFT_VERSION = 5.0;
				TARGETED_DEVICE_FAMILY = "1,2";
			};
			name = Debug;
		};
		B20DD52525693DE500FEFA95 /* Release */ = {
			isa = XCBuildConfiguration;
			buildSettings = {
				ASSETCATALOG_COMPILER_APPICON_NAME = AppIcon;
				ASSETCATALOG_COMPILER_GLOBAL_ACCENT_COLOR_NAME = AccentColor;
				CODE_SIGN_STYLE = Automatic;
				DEVELOPMENT_TEAM = 54468S9H4T;
				ENABLE_PREVIEWS = YES;
				INFOPLIST_FILE = iOS/Info.plist;
				IPHONEOS_DEPLOYMENT_TARGET = 14.0;
				LD_RUNPATH_SEARCH_PATHS = (
					"$(inherited)",
					"@executable_path/Frameworks",
				);
				PRODUCT_BUNDLE_IDENTIFIER = team.FinalProj;
				PRODUCT_NAME = FinalProj;
				SDKROOT = iphoneos;
				SWIFT_VERSION = 5.0;
				TARGETED_DEVICE_FAMILY = "1,2";
				VALIDATE_PRODUCT = YES;
			};
			name = Release;
		};
		B20DD52725693DE500FEFA95 /* Debug */ = {
			isa = XCBuildConfiguration;
			buildSettings = {
				ASSETCATALOG_COMPILER_APPICON_NAME = AppIcon;
				ASSETCATALOG_COMPILER_GLOBAL_ACCENT_COLOR_NAME = AccentColor;
				CODE_SIGN_ENTITLEMENTS = macOS/macOS.entitlements;
				CODE_SIGN_STYLE = Automatic;
				COMBINE_HIDPI_IMAGES = YES;
				DEVELOPMENT_TEAM = 54468S9H4T;
				ENABLE_HARDENED_RUNTIME = YES;
				ENABLE_PREVIEWS = YES;
				INFOPLIST_FILE = macOS/Info.plist;
				LD_RUNPATH_SEARCH_PATHS = (
					"$(inherited)",
					"@executable_path/../Frameworks",
				);
				MACOSX_DEPLOYMENT_TARGET = 11.0;
				PRODUCT_BUNDLE_IDENTIFIER = team.FinalProj;
				PRODUCT_NAME = FinalProj;
				SDKROOT = macosx;
				SWIFT_VERSION = 5.0;
			};
			name = Debug;
		};
		B20DD52825693DE500FEFA95 /* Release */ = {
			isa = XCBuildConfiguration;
			buildSettings = {
				ASSETCATALOG_COMPILER_APPICON_NAME = AppIcon;
				ASSETCATALOG_COMPILER_GLOBAL_ACCENT_COLOR_NAME = AccentColor;
				CODE_SIGN_ENTITLEMENTS = macOS/macOS.entitlements;
				CODE_SIGN_STYLE = Automatic;
				COMBINE_HIDPI_IMAGES = YES;
				DEVELOPMENT_TEAM = 54468S9H4T;
				ENABLE_HARDENED_RUNTIME = YES;
				ENABLE_PREVIEWS = YES;
				INFOPLIST_FILE = macOS/Info.plist;
				LD_RUNPATH_SEARCH_PATHS = (
					"$(inherited)",
					"@executable_path/../Frameworks",
				);
				MACOSX_DEPLOYMENT_TARGET = 11.0;
				PRODUCT_BUNDLE_IDENTIFIER = team.FinalProj;
				PRODUCT_NAME = FinalProj;
				SDKROOT = macosx;
				SWIFT_VERSION = 5.0;
			};
			name = Release;
		};
		B20DD52A25693DE500FEFA95 /* Debug */ = {
			isa = XCBuildConfiguration;
			buildSettings = {
				ALWAYS_EMBED_SWIFT_STANDARD_LIBRARIES = YES;
				CODE_SIGN_STYLE = Automatic;
				DEVELOPMENT_TEAM = 54468S9H4T;
				INFOPLIST_FILE = "Tests iOS/Info.plist";
				IPHONEOS_DEPLOYMENT_TARGET = 14.2;
				LD_RUNPATH_SEARCH_PATHS = (
					"$(inherited)",
					"@executable_path/Frameworks",
					"@loader_path/Frameworks",
				);
				PRODUCT_BUNDLE_IDENTIFIER = "team.Tests-iOS";
				PRODUCT_NAME = "$(TARGET_NAME)";
				SDKROOT = iphoneos;
				SWIFT_VERSION = 5.0;
				TARGETED_DEVICE_FAMILY = "1,2";
				TEST_TARGET_NAME = "FinalProj (iOS)";
			};
			name = Debug;
		};
		B20DD52B25693DE500FEFA95 /* Release */ = {
			isa = XCBuildConfiguration;
			buildSettings = {
				ALWAYS_EMBED_SWIFT_STANDARD_LIBRARIES = YES;
				CODE_SIGN_STYLE = Automatic;
				DEVELOPMENT_TEAM = 54468S9H4T;
				INFOPLIST_FILE = "Tests iOS/Info.plist";
				IPHONEOS_DEPLOYMENT_TARGET = 14.2;
				LD_RUNPATH_SEARCH_PATHS = (
					"$(inherited)",
					"@executable_path/Frameworks",
					"@loader_path/Frameworks",
				);
				PRODUCT_BUNDLE_IDENTIFIER = "team.Tests-iOS";
				PRODUCT_NAME = "$(TARGET_NAME)";
				SDKROOT = iphoneos;
				SWIFT_VERSION = 5.0;
				TARGETED_DEVICE_FAMILY = "1,2";
				TEST_TARGET_NAME = "FinalProj (iOS)";
				VALIDATE_PRODUCT = YES;
			};
			name = Release;
		};
		B20DD52D25693DE500FEFA95 /* Debug */ = {
			isa = XCBuildConfiguration;
			buildSettings = {
				ALWAYS_EMBED_SWIFT_STANDARD_LIBRARIES = YES;
				CODE_SIGN_STYLE = Automatic;
				COMBINE_HIDPI_IMAGES = YES;
				DEVELOPMENT_TEAM = 54468S9H4T;
				INFOPLIST_FILE = "Tests macOS/Info.plist";
				LD_RUNPATH_SEARCH_PATHS = (
					"$(inherited)",
					"@executable_path/../Frameworks",
					"@loader_path/../Frameworks",
				);
				MACOSX_DEPLOYMENT_TARGET = 11.0;
				PRODUCT_BUNDLE_IDENTIFIER = "team.Tests-macOS";
				PRODUCT_NAME = "$(TARGET_NAME)";
				SDKROOT = macosx;
				SWIFT_VERSION = 5.0;
				TEST_TARGET_NAME = "FinalProj (macOS)";
			};
			name = Debug;
		};
		B20DD52E25693DE500FEFA95 /* Release */ = {
			isa = XCBuildConfiguration;
			buildSettings = {
				ALWAYS_EMBED_SWIFT_STANDARD_LIBRARIES = YES;
				CODE_SIGN_STYLE = Automatic;
				COMBINE_HIDPI_IMAGES = YES;
				DEVELOPMENT_TEAM = 54468S9H4T;
				INFOPLIST_FILE = "Tests macOS/Info.plist";
				LD_RUNPATH_SEARCH_PATHS = (
					"$(inherited)",
					"@executable_path/../Frameworks",
					"@loader_path/../Frameworks",
				);
				MACOSX_DEPLOYMENT_TARGET = 11.0;
				PRODUCT_BUNDLE_IDENTIFIER = "team.Tests-macOS";
				PRODUCT_NAME = "$(TARGET_NAME)";
				SDKROOT = macosx;
				SWIFT_VERSION = 5.0;
				TEST_TARGET_NAME = "FinalProj (macOS)";
			};
			name = Release;
		};
/* End XCBuildConfiguration section */

/* Begin XCConfigurationList section */
		B20DD4F025693DE100FEFA95 /* Build configuration list for PBXProject "FinalProj" */ = {
			isa = XCConfigurationList;
			buildConfigurations = (
				B20DD52125693DE500FEFA95 /* Debug */,
				B20DD52225693DE500FEFA95 /* Release */,
			);
			defaultConfigurationIsVisible = 0;
			defaultConfigurationName = Release;
		};
		B20DD52325693DE500FEFA95 /* Build configuration list for PBXNativeTarget "FinalProj (iOS)" */ = {
			isa = XCConfigurationList;
			buildConfigurations = (
				B20DD52425693DE500FEFA95 /* Debug */,
				B20DD52525693DE500FEFA95 /* Release */,
			);
			defaultConfigurationIsVisible = 0;
			defaultConfigurationName = Release;
		};
		B20DD52625693DE500FEFA95 /* Build configuration list for PBXNativeTarget "FinalProj (macOS)" */ = {
			isa = XCConfigurationList;
			buildConfigurations = (
				B20DD52725693DE500FEFA95 /* Debug */,
				B20DD52825693DE500FEFA95 /* Release */,
			);
			defaultConfigurationIsVisible = 0;
			defaultConfigurationName = Release;
		};
		B20DD52925693DE500FEFA95 /* Build configuration list for PBXNativeTarget "Tests iOS" */ = {
			isa = XCConfigurationList;
			buildConfigurations = (
				B20DD52A25693DE500FEFA95 /* Debug */,
				B20DD52B25693DE500FEFA95 /* Release */,
			);
			defaultConfigurationIsVisible = 0;
			defaultConfigurationName = Release;
		};
		B20DD52C25693DE500FEFA95 /* Build configuration list for PBXNativeTarget "Tests macOS" */ = {
			isa = XCConfigurationList;
			buildConfigurations = (
				B20DD52D25693DE500FEFA95 /* Debug */,
				B20DD52E25693DE500FEFA95 /* Release */,
			);
			defaultConfigurationIsVisible = 0;
			defaultConfigurationName = Release;
		};
/* End XCConfigurationList section */

/* Begin XCRemoteSwiftPackageReference section */
		B25D586F2569697F00E05484 /* XCRemoteSwiftPackageReference "Grid" */ = {
			isa = XCRemoteSwiftPackageReference;
			repositoryURL = "https://github.com/exyte/Grid.git";
			requirement = {
				kind = upToNextMajorVersion;
				minimumVersion = 1.1.0;
			};
		};
		B25D587625696A2000E05484 /* XCRemoteSwiftPackageReference "swiftui-grid" */ = {
			isa = XCRemoteSwiftPackageReference;
			repositoryURL = "https://github.com/spacenation/swiftui-grid.git";
			requirement = {
				kind = upToNextMajorVersion;
				minimumVersion = 1.0.4;
			};
		};
		B2C8976F2569460B0076BE09 /* XCRemoteSwiftPackageReference "SDWebImageSwiftUI" */ = {
			isa = XCRemoteSwiftPackageReference;
			repositoryURL = "https://github.com/SDWebImage/SDWebImageSwiftUI.git";
			requirement = {
				kind = upToNextMajorVersion;
				minimumVersion = 1.5.0;
			};
		};
/* End XCRemoteSwiftPackageReference section */

/* Begin XCSwiftPackageProductDependency section */
		B2C897702569460B0076BE09 /* SDWebImageSwiftUI */ = {
			isa = XCSwiftPackageProductDependency;
			package = B2C8976F2569460B0076BE09 /* XCRemoteSwiftPackageReference "SDWebImageSwiftUI" */;
			productName = SDWebImageSwiftUI;
		};
/* End XCSwiftPackageProductDependency section */
	};
	rootObject = B20DD4ED25693DE100FEFA95 /* Project object */;
}
